PODS:
  - EstimoteBluetoothScanning (0.2.0)
  - EstimoteProximitySDK (1.0.0):
    - EstimoteBluetoothScanning (~> 0.2.0)

DEPENDENCIES:
  - EstimoteProximitySDK (~> 1.0)

SPEC REPOS:
  https://github.com/cocoapods/specs.git:
    - EstimoteBluetoothScanning
    - EstimoteProximitySDK

SPEC CHECKSUMS:
  EstimoteBluetoothScanning: d44e46ebebe4e0e2696c4577168cb8660b5d4ee9
  EstimoteProximitySDK: 187038fe57f1f39252391f7920f2f1992c8aed8c

PODFILE CHECKSUM: a446590e1aa5f708d90283f115bb59d00d9e5972

COCOAPODS: 1.5.3
