PODS:
  - EstimoteBluetoothScanning (1.0.1)
  - EstimoteProximitySDK (1.3.1):
    - EstimoteBluetoothScanning (>= 0.2)

DEPENDENCIES:
  - EstimoteProximitySDK (~> 1.0)

SPEC REPOS:
  https://github.com/cocoapods/specs.git:
    - EstimoteBluetoothScanning
    - EstimoteProximitySDK

SPEC CHECKSUMS:
  EstimoteBluetoothScanning: 5927f43fa2a9b3b69e7e87bc93563aa1ffb509c9
  EstimoteProximitySDK: 281e53259ba0808da4eba0219d6f09c23a9b1fb3

PODFILE CHECKSUM: a446590e1aa5f708d90283f115bb59d00d9e5972

COCOAPODS: 1.6.1
